
Microsoft Visual Studio Solution File, Format Version 12.00
# Visual Studio 15
VisualStudioVersion = 15.0.27130.2036
MinimumVisualStudioVersion = 10.0.40219.1
Project("{8BC9CEB8-8B4A-11D0-8D11-00A0C91BC942}") = "redox", "redox\redox.vcxproj", "{9A3A1FE3-74AF-49A1-8A30-686B2171FEC0}"
EndProject
Project("{8BC9CEB8-8B4A-11D0-8D11-00A0C91BC942}") = "redox_tests", "redox_tests\redox_tests.vcxproj", "{8A4889E8-D37C-4568-A7DC-6712D3F9519F}"
EndProject
Global
	GlobalSection(SolutionConfigurationPlatforms) = preSolution
		Debug|x64 = Debug|x64
		Debug|x86 = Debug|x86
		Release|x64 = Release|x64
		Release|x86 = Release|x86
	EndGlobalSection
	GlobalSection(ProjectConfigurationPlatforms) = postSolution
		{9A3A1FE3-74AF-49A1-8A30-686B2171FEC0}.Debug|x64.ActiveCfg = Debug|x64
		{9A3A1FE3-74AF-49A1-8A30-686B2171FEC0}.Debug|x64.Build.0 = Debug|x64
		{9A3A1FE3-74AF-49A1-8A30-686B2171FEC0}.Debug|x86.ActiveCfg = Debug|Win32
		{9A3A1FE3-74AF-49A1-8A30-686B2171FEC0}.Debug|x86.Build.0 = Debug|Win32
		{9A3A1FE3-74AF-49A1-8A30-686B2171FEC0}.Release|x64.ActiveCfg = Release|x64
		{9A3A1FE3-74AF-49A1-8A30-686B2171FEC0}.Release|x64.Build.0 = Release|x64
		{9A3A1FE3-74AF-49A1-8A30-686B2171FEC0}.Release|x86.ActiveCfg = Release|Win32
		{9A3A1FE3-74AF-49A1-8A30-686B2171FEC0}.Release|x86.Build.0 = Release|Win32
		{8A4889E8-D37C-4568-A7DC-6712D3F9519F}.Debug|x64.ActiveCfg = Debug|x64
		{8A4889E8-D37C-4568-A7DC-6712D3F9519F}.Debug|x64.Build.0 = Debug|x64
		{8A4889E8-D37C-4568-A7DC-6712D3F9519F}.Debug|x86.ActiveCfg = Debug|Win32
		{8A4889E8-D37C-4568-A7DC-6712D3F9519F}.Debug|x86.Build.0 = Debug|Win32
		{8A4889E8-D37C-4568-A7DC-6712D3F9519F}.Release|x64.ActiveCfg = Release|x64
		{8A4889E8-D37C-4568-A7DC-6712D3F9519F}.Release|x64.Build.0 = Release|x64
		{8A4889E8-D37C-4568-A7DC-6712D3F9519F}.Release|x86.ActiveCfg = Release|Win32
		{8A4889E8-D37C-4568-A7DC-6712D3F9519F}.Release|x86.Build.0 = Release|Win32
	EndGlobalSection
	GlobalSection(SolutionProperties) = preSolution
		HideSolutionNode = FALSE
	EndGlobalSection
	GlobalSection(ExtensibilityGlobals) = postSolution
		SolutionGuid = {5E7CD77F-ECC7-447B-8818-D7C9C17EF574}
	EndGlobalSection
EndGlobal
