<?xml version="1.0" encoding="utf-8"?>
<Project ToolsVersion="4.0" xmlns="http://schemas.microsoft.com/developer/msbuild/2003">
  <ItemGroup>
    <Filter Include="Source Files">
      <UniqueIdentifier>{4FC737F1-C7A5-4376-A066-2A32D752A2FF}</UniqueIdentifier>
      <Extensions>cpp;c;cc;cxx;def;odl;idl;hpj;bat;asm;asmx</Extensions>
    </Filter>
    <Filter Include="Header Files">
      <UniqueIdentifier>{93995380-89BD-4b04-88EB-625FBE52EBFB}</UniqueIdentifier>
      <Extensions>h;hh;hpp;hxx;hm;inl;inc;xsd</Extensions>
    </Filter>
    <Filter Include="Resource Files">
      <UniqueIdentifier>{67DA6AB6-F800-4c08-8B7A-83BB121AAD01}</UniqueIdentifier>
      <Extensions>rc;ico;cur;bmp;dlg;rc2;rct;bin;rgs;gif;jpg;jpeg;jpe;resx;tiff;tif;png;wav;mfcribbon-ms</Extensions>
    </Filter>
  </ItemGroup>
  <ItemGroup>
    <ClCompile Include="src\main.cpp">
      <Filter>Source Files</Filter>
    </ClCompile>
    <ClCompile Include="src\core\application.cpp">
      <Filter>Source Files</Filter>
    </ClCompile>
    <ClCompile Include="src\graphics\vulkan\render_system.cpp">
      <Filter>Source Files</Filter>
    </ClCompile>
    <ClCompile Include="src\platform\window_win.cpp">
      <Filter>Source Files</Filter>
    </ClCompile>
    <ClCompile Include="src\graphics\vulkan\swapchain.cpp">
      <Filter>Source Files</Filter>
    </ClCompile>
    <ClCompile Include="src\graphics\vulkan\graphics.cpp">
      <Filter>Source Files</Filter>
    </ClCompile>
    <ClCompile Include="src\graphics\vulkan\pipeline.cpp">
      <Filter>Source Files</Filter>
    </ClCompile>
    <ClCompile Include="src\graphics\vulkan\command_pool.cpp">
      <Filter>Source Files</Filter>
    </ClCompile>
    <ClCompile Include="src\core\config\config.cpp">
      <Filter>Source Files</Filter>
    </ClCompile>
    <ClCompile Include="src\platform\filesystem_win.cpp">
      <Filter>Source Files</Filter>
    </ClCompile>
    <ClCompile Include="src\platform\timer_win.cpp">
      <Filter>Source Files</Filter>
    </ClCompile>
    <ClCompile Include="thirdparty\ini\ini.cpp">
      <Filter>Source Files</Filter>
    </ClCompile>
    <ClCompile Include="src\input\input_system_win.cpp">
      <Filter>Source Files</Filter>
    </ClCompile>
    <ClCompile Include="src\graphics\vulkan\framebuffer.cpp">
      <Filter>Source Files</Filter>
    </ClCompile>
    <ClCompile Include="src\graphics\vulkan\buffer.cpp">
      <Filter>Source Files</Filter>
    </ClCompile>
    <ClCompile Include="src\graphics\vulkan\render_pass.cpp">
      <Filter>Source Files</Filter>
    </ClCompile>
    <ClCompile Include="src\graphics\vulkan\factory\shader_factory.cpp">
      <Filter>Source Files</Filter>
    </ClCompile>
    <ClCompile Include="src\graphics\vulkan\factory\texture_factory.cpp">
      <Filter>Source Files</Filter>
    </ClCompile>
    <ClCompile Include="thirdparty\gltf\cgltf_stub.c">
      <Filter>Source Files</Filter>
    </ClCompile>
    <ClCompile Include="src\resources\importer\gltf_importer.cpp">
      <Filter>Source Files</Filter>
    </ClCompile>
    <ClCompile Include="src\graphics\vulkan\sampler.cpp">
      <Filter>Source Files</Filter>
    </ClCompile>
    <ClCompile Include="src\graphics\vulkan\resources\material.cpp">
      <Filter>Source Files</Filter>
    </ClCompile>
    <ClCompile Include="src\graphics\vulkan\resources\mesh.cpp">
      <Filter>Source Files</Filter>
    </ClCompile>
    <ClCompile Include="src\graphics\vulkan\resources\shader.cpp">
      <Filter>Source Files</Filter>
    </ClCompile>
    <ClCompile Include="src\graphics\vulkan\resources\texture.cpp">
      <Filter>Source Files</Filter>
    </ClCompile>
    <ClCompile Include="src\graphics\vulkan\resources\model.cpp">
      <Filter>Source Files</Filter>
    </ClCompile>
    <ClCompile Include="src\graphics\vulkan\factory\model_factory.cpp">
      <Filter>Source Files</Filter>
    </ClCompile>
    <ClCompile Include="src\graphics\vulkan\pipeline_cache.cpp">
      <Filter>Source Files</Filter>
    </ClCompile>
    <ClCompile Include="src\graphics\vulkan\descriptor_pool.cpp">
      <Filter>Source Files</Filter>
    </ClCompile>
  </ItemGroup>
  <ItemGroup>
    <ClInclude Include="src\core\application.h">
      <Filter>Header Files</Filter>
    </ClInclude>
    <ClInclude Include="src\redox.h">
      <Filter>Header Files</Filter>
    </ClInclude>
    <ClInclude Include="src\core\core.h">
      <Filter>Header Files</Filter>
    </ClInclude>
    <ClInclude Include="src\core\platform.h">
      <Filter>Header Files</Filter>
    </ClInclude>
    <ClInclude Include="src\core\string.h">
      <Filter>Header Files</Filter>
    </ClInclude>
    <ClInclude Include="src\core\non_copyable.h">
      <Filter>Header Files</Filter>
    </ClInclude>
    <ClInclude Include="src\core\logging\log_win.hpp">
      <Filter>Header Files</Filter>
    </ClInclude>
    <ClInclude Include="src\core\logging\log.h">
      <Filter>Header Files</Filter>
    </ClInclude>
    <ClInclude Include="src\core\string_format.h">
      <Filter>Header Files</Filter>
    </ClInclude>
    <ClInclude Include="src\core\buffer.h">
      <Filter>Header Files</Filter>
    </ClInclude>
    <ClInclude Include="src\core\error.h">
      <Filter>Header Files</Filter>
    </ClInclude>
    <ClInclude Include="src\core\smart_ptr.h">
      <Filter>Header Files</Filter>
    </ClInclude>
    <ClInclude Include="src\core\hashmap.h">
      <Filter>Header Files</Filter>
    </ClInclude>
    <ClInclude Include="src\math\util.h">
      <Filter>Header Files</Filter>
    </ClInclude>
    <ClInclude Include="src\core\allocation\growth_policy.h">
      <Filter>Header Files</Filter>
    </ClInclude>
    <ClInclude Include="src\core\allocation\default_allocator.h">
      <Filter>Header Files</Filter>
    </ClInclude>
    <ClInclude Include="src\graphics\vulkan\render_system.h">
      <Filter>Header Files</Filter>
    </ClInclude>
    <ClInclude Include="src\graphics\vulkan\vulkan.h">
      <Filter>Header Files</Filter>
    </ClInclude>
    <ClInclude Include="src\platform\window.h">
      <Filter>Header Files</Filter>
    </ClInclude>
    <ClInclude Include="src\graphics\vulkan\swapchain.h">
      <Filter>Header Files</Filter>
    </ClInclude>
    <ClInclude Include="src\graphics\vulkan\graphics.h">
      <Filter>Header Files</Filter>
    </ClInclude>
    <ClInclude Include="src\graphics\vulkan\pipeline.h">
      <Filter>Header Files</Filter>
    </ClInclude>
    <ClInclude Include="src\core\ref_counted.h">
      <Filter>Header Files</Filter>
    </ClInclude>
    <ClInclude Include="src\graphics\vulkan\command_pool.h">
      <Filter>Header Files</Filter>
    </ClInclude>
    <ClInclude Include="src\core\hash.h">
      <Filter>Header Files</Filter>
    </ClInclude>
    <ClInclude Include="src\math\constants.h">
      <Filter>Header Files</Filter>
    </ClInclude>
    <ClInclude Include="src\math\simd.h">
      <Filter>Header Files</Filter>
    </ClInclude>
    <ClInclude Include="src\math\vec.h">
      <Filter>Header Files</Filter>
    </ClInclude>
    <ClInclude Include="src\math\math.h">
      <Filter>Header Files</Filter>
    </ClInclude>
    <ClInclude Include="src\platform\filesystem.h">
      <Filter>Header Files</Filter>
    </ClInclude>
    <ClInclude Include="src\core\profiling\profiler.h">
      <Filter>Header Files</Filter>
    </ClInclude>
    <ClInclude Include="src\platform\timer.h">
      <Filter>Header Files</Filter>
    </ClInclude>
    <ClInclude Include="src\platform\windows.h">
      <Filter>Header Files</Filter>
    </ClInclude>
    <ClInclude Include="src\graphics\vulkan\vertex_layout.h">
      <Filter>Header Files</Filter>
    </ClInclude>
    <ClInclude Include="thirdparty\ini\ini.h">
      <Filter>Header Files</Filter>
    </ClInclude>
    <ClInclude Include="src\input\input_system.h">
      <Filter>Header Files</Filter>
    </ClInclude>
    <ClInclude Include="src\input\keys.h">
      <Filter>Header Files</Filter>
    </ClInclude>
    <ClInclude Include="src\input\mappings\mappings_win.h">
      <Filter>Header Files</Filter>
    </ClInclude>
    <ClInclude Include="src\resources\factory.h">
      <Filter>Header Files</Filter>
    </ClInclude>
    <ClInclude Include="src\graphics\vulkan\factory\shader_factory.h">
      <Filter>Header Files</Filter>
    </ClInclude>
    <ClInclude Include="src\platform\misc.h">
      <Filter>Header Files</Filter>
    </ClInclude>
    <ClInclude Include="src\core\bitset.h">
      <Filter>Header Files</Filter>
    </ClInclude>
    <ClInclude Include="src\math\mat.h">
      <Filter>Header Files</Filter>
    </ClInclude>
    <ClInclude Include="src\graphics\vulkan\framebuffer.h">
      <Filter>Header Files</Filter>
    </ClInclude>
    <ClInclude Include="src\core\config\config.h">
      <Filter>Header Files</Filter>
    </ClInclude>
    <ClInclude Include="src\graphics\vulkan\buffer.h">
      <Filter>Header Files</Filter>
    </ClInclude>
    <ClInclude Include="src\graphics\vulkan\render_pass.h">
      <Filter>Header Files</Filter>
    </ClInclude>
    <ClInclude Include="src\graphics\vulkan\factory\texture_factory.h">
      <Filter>Header Files</Filter>
    </ClInclude>
    <ClInclude Include="src\core\meta\reflection.h">
      <Filter>Header Files</Filter>
    </ClInclude>
    <ClInclude Include="src\core\meta\type_hash.h">
      <Filter>Header Files</Filter>
    </ClInclude>
    <ClInclude Include="src\resources\resource.h">
      <Filter>Header Files</Filter>
    </ClInclude>
    <ClInclude Include="src\resources\importer\gltf_importer.h">
      <Filter>Header Files</Filter>
    </ClInclude>
    <ClInclude Include="src\graphics\vulkan\sampler.h">
      <Filter>Header Files</Filter>
    </ClInclude>
    <ClInclude Include="src\graphics\vulkan\resources\material.h">
      <Filter>Header Files</Filter>
    </ClInclude>
    <ClInclude Include="src\graphics\vulkan\resources\mesh.h">
      <Filter>Header Files</Filter>
    </ClInclude>
    <ClInclude Include="src\graphics\vulkan\resources\shader.h">
      <Filter>Header Files</Filter>
    </ClInclude>
    <ClInclude Include="src\graphics\vulkan\resources\texture.h">
      <Filter>Header Files</Filter>
    </ClInclude>
    <ClInclude Include="src\graphics\vulkan\resources\model.h">
      <Filter>Header Files</Filter>
    </ClInclude>
    <ClInclude Include="src\graphics\vulkan\factory\model_factory.h">
      <Filter>Header Files</Filter>
    </ClInclude>
    <ClInclude Include="src\graphics\vulkan\pipeline_cache.h">
      <Filter>Header Files</Filter>
    </ClInclude>
    <ClInclude Include="src\graphics\vulkan\descriptor_pool.h">
      <Filter>Header Files</Filter>
    </ClInclude>
    <ClInclude Include="src\graphics\vulkan\descriptor_layout.h">
      <Filter>Header Files</Filter>
    </ClInclude>
    <ClInclude Include="src\core\iterator.h">
      <Filter>Header Files</Filter>
    </ClInclude>
  </ItemGroup>
  <ItemGroup>
    <None Include="redox.licenseheader" />
    <None Include="src\core\utility.h" />
  </ItemGroup>
</Project>